
Microsoft Visual Studio Solution File, Format Version 12.00
# Visual Studio Version 17
VisualStudioVersion = 17.0.31903.59
MinimumVisualStudioVersion = 10.0.40219.1
Project("{FAE04EC0-301F-11D3-BF4B-00C04F79EFBC}") = "MvcBase", "A_MVC\MvcBase.csproj", "{D6599CAF-0CEE-400D-A119-242BF5094AA0}"
EndProject
Project("{FAE04EC0-301F-11D3-BF4B-00C04F79EFBC}") = "BoBase.Bo", "B_BO\BoBase.Bo.csproj", "{97633F92-80DA-4168-8BEE-0391258B0F77}"
EndProject
Project("{FAE04EC0-301F-11D3-BF4B-00C04F79EFBC}") = "BaseDao.Dao", "C_DAO\BaseDao.Dao.csproj", "{9504E214-9764-41FB-9A9A-72B9C20ED829}"
EndProject
Global
	GlobalSection(SolutionConfigurationPlatforms) = preSolution
		Debug|Any CPU = Debug|Any CPU
		Release|Any CPU = Release|Any CPU
	EndGlobalSection
	GlobalSection(SolutionProperties) = preSolution
		HideSolutionNode = FALSE
	EndGlobalSection
	GlobalSection(ProjectConfigurationPlatforms) = postSolution
		{D6599CAF-0CEE-400D-A119-242BF5094AA0}.Debug|Any CPU.ActiveCfg = Debug|Any CPU
		{D6599CAF-0CEE-400D-A119-242BF5094AA0}.Debug|Any CPU.Build.0 = Debug|Any CPU
		{D6599CAF-0CEE-400D-A119-242BF5094AA0}.Release|Any CPU.ActiveCfg = Release|Any CPU
		{D6599CAF-0CEE-400D-A119-242BF5094AA0}.Release|Any CPU.Build.0 = Release|Any CPU
		{97633F92-80DA-4168-8BEE-0391258B0F77}.Debug|Any CPU.ActiveCfg = Debug|Any CPU
		{97633F92-80DA-4168-8BEE-0391258B0F77}.Debug|Any CPU.Build.0 = Debug|Any CPU
		{97633F92-80DA-4168-8BEE-0391258B0F77}.Release|Any CPU.ActiveCfg = Release|Any CPU
		{97633F92-80DA-4168-8BEE-0391258B0F77}.Release|Any CPU.Build.0 = Release|Any CPU
		{9504E214-9764-41FB-9A9A-72B9C20ED829}.Debug|Any CPU.ActiveCfg = Debug|Any CPU
		{9504E214-9764-41FB-9A9A-72B9C20ED829}.Debug|Any CPU.Build.0 = Debug|Any CPU
		{9504E214-9764-41FB-9A9A-72B9C20ED829}.Release|Any CPU.ActiveCfg = Release|Any CPU
		{9504E214-9764-41FB-9A9A-72B9C20ED829}.Release|Any CPU.Build.0 = Release|Any CPU
	EndGlobalSection
EndGlobal
