
Microsoft Visual Studio Solution File, Format Version 12.00
# Visual Studio Version 17
VisualStudioVersion = 17.0.31903.59
MinimumVisualStudioVersion = 10.0.40219.1
Project("{2150E333-8FDC-42A3-9474-1A3956D46DE8}") = "A_MVC", "A_MVC", "{805559A6-1280-449B-BB9C-DD145CE6FC72}"
EndProject
Project("{FAE04EC0-301F-11D3-BF4B-00C04F79EFBC}") = "MvcBase", "A_MVC\MvcBase\MvcBase.csproj", "{12A41F83-4AC1-430F-B4E0-33E74622437A}"
EndProject
Project("{2150E333-8FDC-42A3-9474-1A3956D46DE8}") = "B_BO", "B_BO", "{B122DE5E-28AC-4310-A2E1-B6EEB099DC51}"
EndProject
Project("{FAE04EC0-301F-11D3-BF4B-00C04F79EFBC}") = "BoBase.Bo", "B_BO\BoBase.Bo\BoBase.Bo.csproj", "{E238816A-03C6-4A2C-85EB-F171282D662F}"
EndProject
Project("{2150E333-8FDC-42A3-9474-1A3956D46DE8}") = "C_DAO", "C_DAO", "{84070ACE-35AC-4D1F-8F41-779AC3826679}"
EndProject
Project("{FAE04EC0-301F-11D3-BF4B-00C04F79EFBC}") = "BaseDao.Dao", "C_DAO\BaseDao.Dao\BaseDao.Dao.csproj", "{64A5C836-503B-46FD-B9BB-A102CF1C8866}"
EndProject
Global
	GlobalSection(SolutionConfigurationPlatforms) = preSolution
		Debug|Any CPU = Debug|Any CPU
		Release|Any CPU = Release|Any CPU
	EndGlobalSection
	GlobalSection(SolutionProperties) = preSolution
		HideSolutionNode = FALSE
	EndGlobalSection
	GlobalSection(ProjectConfigurationPlatforms) = postSolution
		{12A41F83-4AC1-430F-B4E0-33E74622437A}.Debug|Any CPU.ActiveCfg = Debug|Any CPU
		{12A41F83-4AC1-430F-B4E0-33E74622437A}.Debug|Any CPU.Build.0 = Debug|Any CPU
		{12A41F83-4AC1-430F-B4E0-33E74622437A}.Release|Any CPU.ActiveCfg = Release|Any CPU
		{12A41F83-4AC1-430F-B4E0-33E74622437A}.Release|Any CPU.Build.0 = Release|Any CPU
		{E238816A-03C6-4A2C-85EB-F171282D662F}.Debug|Any CPU.ActiveCfg = Debug|Any CPU
		{E238816A-03C6-4A2C-85EB-F171282D662F}.Debug|Any CPU.Build.0 = Debug|Any CPU
		{E238816A-03C6-4A2C-85EB-F171282D662F}.Release|Any CPU.ActiveCfg = Release|Any CPU
		{E238816A-03C6-4A2C-85EB-F171282D662F}.Release|Any CPU.Build.0 = Release|Any CPU
		{64A5C836-503B-46FD-B9BB-A102CF1C8866}.Debug|Any CPU.ActiveCfg = Debug|Any CPU
		{64A5C836-503B-46FD-B9BB-A102CF1C8866}.Debug|Any CPU.Build.0 = Debug|Any CPU
		{64A5C836-503B-46FD-B9BB-A102CF1C8866}.Release|Any CPU.ActiveCfg = Release|Any CPU
		{64A5C836-503B-46FD-B9BB-A102CF1C8866}.Release|Any CPU.Build.0 = Release|Any CPU
	EndGlobalSection
	GlobalSection(NestedProjects) = preSolution
		{12A41F83-4AC1-430F-B4E0-33E74622437A} = {805559A6-1280-449B-BB9C-DD145CE6FC72}
		{E238816A-03C6-4A2C-85EB-F171282D662F} = {B122DE5E-28AC-4310-A2E1-B6EEB099DC51}
		{64A5C836-503B-46FD-B9BB-A102CF1C8866} = {84070ACE-35AC-4D1F-8F41-779AC3826679}
	EndGlobalSection
EndGlobal
