
Microsoft Visual Studio Solution File, Format Version 12.00
# Visual Studio Version 17
VisualStudioVersion = 17.0.31903.59
MinimumVisualStudioVersion = 10.0.40219.1
Project("{2150E333-8FDC-42A3-9474-1A3956D46DE8}") = "01_MVC", "01_MVC", "{66C00529-67D9-4F09-B2A0-8BA309164F40}"
EndProject
Project("{FAE04EC0-301F-11D3-BF4B-00C04F79EFBC}") = "MvcBase", "01_MVC\MvcBase\MvcBase.csproj", "{BB8E4659-E765-4944-B334-4BA9ED0CFE6A}"
EndProject
Project("{2150E333-8FDC-42A3-9474-1A3956D46DE8}") = "02_BO", "02_BO", "{D38C6940-03C4-418E-9327-08114AFE1961}"
EndProject
Project("{FAE04EC0-301F-11D3-BF4B-00C04F79EFBC}") = "BoBase.Bo", "02_BO\BoBase.Bo\BoBase.Bo.csproj", "{17908E2D-9C1B-433D-8990-80B641785DB9}"
EndProject
Project("{2150E333-8FDC-42A3-9474-1A3956D46DE8}") = "03_DAO", "03_DAO", "{F7234F3C-851C-4BE2-8714-3AF8C1584731}"
EndProject
Project("{FAE04EC0-301F-11D3-BF4B-00C04F79EFBC}") = "BaseDao.Dao", "03_DAO\BaseDao.Dao\BaseDao.Dao.csproj", "{6ED90D62-30E5-409A-81C2-0B1310B32495}"
EndProject
Global
	GlobalSection(SolutionConfigurationPlatforms) = preSolution
		Debug|Any CPU = Debug|Any CPU
		Release|Any CPU = Release|Any CPU
	EndGlobalSection
	GlobalSection(SolutionProperties) = preSolution
		HideSolutionNode = FALSE
	EndGlobalSection
	GlobalSection(ProjectConfigurationPlatforms) = postSolution
		{BB8E4659-E765-4944-B334-4BA9ED0CFE6A}.Debug|Any CPU.ActiveCfg = Debug|Any CPU
		{BB8E4659-E765-4944-B334-4BA9ED0CFE6A}.Debug|Any CPU.Build.0 = Debug|Any CPU
		{BB8E4659-E765-4944-B334-4BA9ED0CFE6A}.Release|Any CPU.ActiveCfg = Release|Any CPU
		{BB8E4659-E765-4944-B334-4BA9ED0CFE6A}.Release|Any CPU.Build.0 = Release|Any CPU
		{17908E2D-9C1B-433D-8990-80B641785DB9}.Debug|Any CPU.ActiveCfg = Debug|Any CPU
		{17908E2D-9C1B-433D-8990-80B641785DB9}.Debug|Any CPU.Build.0 = Debug|Any CPU
		{17908E2D-9C1B-433D-8990-80B641785DB9}.Release|Any CPU.ActiveCfg = Release|Any CPU
		{17908E2D-9C1B-433D-8990-80B641785DB9}.Release|Any CPU.Build.0 = Release|Any CPU
		{6ED90D62-30E5-409A-81C2-0B1310B32495}.Debug|Any CPU.ActiveCfg = Debug|Any CPU
		{6ED90D62-30E5-409A-81C2-0B1310B32495}.Debug|Any CPU.Build.0 = Debug|Any CPU
		{6ED90D62-30E5-409A-81C2-0B1310B32495}.Release|Any CPU.ActiveCfg = Release|Any CPU
		{6ED90D62-30E5-409A-81C2-0B1310B32495}.Release|Any CPU.Build.0 = Release|Any CPU
	EndGlobalSection
	GlobalSection(NestedProjects) = preSolution
		{BB8E4659-E765-4944-B334-4BA9ED0CFE6A} = {66C00529-67D9-4F09-B2A0-8BA309164F40}
		{17908E2D-9C1B-433D-8990-80B641785DB9} = {D38C6940-03C4-418E-9327-08114AFE1961}
		{6ED90D62-30E5-409A-81C2-0B1310B32495} = {F7234F3C-851C-4BE2-8714-3AF8C1584731}
	EndGlobalSection
EndGlobal
